
Microsoft Visual Studio Solution File, Format Version 12.00
# Visual Studio 15
VisualStudioVersion = 15.0.26430.16
MinimumVisualStudioVersion = 10.0.40219.1
Project("{FAE04EC0-301F-11D3-BF4B-00C04F79EFBC}") = "PlotTest", "PlotTest\PlotTest.csproj", "{63612EBD-FAA1-48DC-B2EB-74EC667AE2F1}"
EndProject
Project("{8BC9CEB8-8B4A-11D0-8D11-00A0C91BC942}") = "SoundAdjusterWrapper", "SoundAdjusterWrapper\SoundAdjusterWrapper.vcxproj", "{EBC3EC7E-FEEA-4A55-9342-E6C4905BA322}"
EndProject
Project("{8BC9CEB8-8B4A-11D0-8D11-00A0C91BC942}") = "SoundAdjusterTest", "SoundAdjusterTest\SoundAdjusterTest.vcxproj", "{EA49B60F-7CED-4CDC-8100-D1640993C750}"
EndProject
Project("{8BC9CEB8-8B4A-11D0-8D11-00A0C91BC942}") = "SoundAdjusterImpl", "SoundAdjusterImpl\SoundAdjusterImpl.vcxproj", "{352C75DF-4740-4644-AB6C-B2C5B4F9F59A}"
EndProject
Project("{8BC9CEB8-8B4A-11D0-8D11-00A0C91BC942}") = "MinorTests", "MinorTests\MinorTests.vcxproj", "{58F3ACF8-C640-47C2-A9DC-25E05942CB4B}"
EndProject
Project("{FAE04EC0-301F-11D3-BF4B-00C04F79EFBC}") = "SoundAdjusterApp", "SoundAdjusterApp\SoundAdjusterApp.csproj", "{0251C7DC-D8C9-4ECE-92F9-A8FF36DFB29D}"
EndProject
Global
	GlobalSection(SolutionConfigurationPlatforms) = preSolution
		Debug|Any CPU = Debug|Any CPU
		Debug|x64 = Debug|x64
		Debug|x86 = Debug|x86
		Release|Any CPU = Release|Any CPU
		Release|x64 = Release|x64
		Release|x86 = Release|x86
	EndGlobalSection
	GlobalSection(ProjectConfigurationPlatforms) = postSolution
		{63612EBD-FAA1-48DC-B2EB-74EC667AE2F1}.Debug|Any CPU.ActiveCfg = Debug|Any CPU
		{63612EBD-FAA1-48DC-B2EB-74EC667AE2F1}.Debug|Any CPU.Build.0 = Debug|Any CPU
		{63612EBD-FAA1-48DC-B2EB-74EC667AE2F1}.Debug|x64.ActiveCfg = Debug|Any CPU
		{63612EBD-FAA1-48DC-B2EB-74EC667AE2F1}.Debug|x64.Build.0 = Debug|Any CPU
		{63612EBD-FAA1-48DC-B2EB-74EC667AE2F1}.Debug|x86.ActiveCfg = Debug|Any CPU
		{63612EBD-FAA1-48DC-B2EB-74EC667AE2F1}.Debug|x86.Build.0 = Debug|Any CPU
		{63612EBD-FAA1-48DC-B2EB-74EC667AE2F1}.Release|Any CPU.ActiveCfg = Release|Any CPU
		{63612EBD-FAA1-48DC-B2EB-74EC667AE2F1}.Release|Any CPU.Build.0 = Release|Any CPU
		{63612EBD-FAA1-48DC-B2EB-74EC667AE2F1}.Release|x64.ActiveCfg = Release|Any CPU
		{63612EBD-FAA1-48DC-B2EB-74EC667AE2F1}.Release|x64.Build.0 = Release|Any CPU
		{63612EBD-FAA1-48DC-B2EB-74EC667AE2F1}.Release|x86.ActiveCfg = Release|Any CPU
		{63612EBD-FAA1-48DC-B2EB-74EC667AE2F1}.Release|x86.Build.0 = Release|Any CPU
		{EBC3EC7E-FEEA-4A55-9342-E6C4905BA322}.Debug|Any CPU.ActiveCfg = Debug|Win32
		{EBC3EC7E-FEEA-4A55-9342-E6C4905BA322}.Debug|x64.ActiveCfg = Debug|x64
		{EBC3EC7E-FEEA-4A55-9342-E6C4905BA322}.Debug|x64.Build.0 = Debug|x64
		{EBC3EC7E-FEEA-4A55-9342-E6C4905BA322}.Debug|x86.ActiveCfg = Debug|Win32
		{EBC3EC7E-FEEA-4A55-9342-E6C4905BA322}.Debug|x86.Build.0 = Debug|Win32
		{EBC3EC7E-FEEA-4A55-9342-E6C4905BA322}.Release|Any CPU.ActiveCfg = Release|Win32
		{EBC3EC7E-FEEA-4A55-9342-E6C4905BA322}.Release|x64.ActiveCfg = Release|x64
		{EBC3EC7E-FEEA-4A55-9342-E6C4905BA322}.Release|x64.Build.0 = Release|x64
		{EBC3EC7E-FEEA-4A55-9342-E6C4905BA322}.Release|x86.ActiveCfg = Release|Win32
		{EBC3EC7E-FEEA-4A55-9342-E6C4905BA322}.Release|x86.Build.0 = Release|Win32
		{EA49B60F-7CED-4CDC-8100-D1640993C750}.Debug|Any CPU.ActiveCfg = Debug|Win32
		{EA49B60F-7CED-4CDC-8100-D1640993C750}.Debug|x64.ActiveCfg = Debug|x64
		{EA49B60F-7CED-4CDC-8100-D1640993C750}.Debug|x64.Build.0 = Debug|x64
		{EA49B60F-7CED-4CDC-8100-D1640993C750}.Debug|x86.ActiveCfg = Debug|Win32
		{EA49B60F-7CED-4CDC-8100-D1640993C750}.Debug|x86.Build.0 = Debug|Win32
		{EA49B60F-7CED-4CDC-8100-D1640993C750}.Release|Any CPU.ActiveCfg = Release|Win32
		{EA49B60F-7CED-4CDC-8100-D1640993C750}.Release|x64.ActiveCfg = Release|x64
		{EA49B60F-7CED-4CDC-8100-D1640993C750}.Release|x64.Build.0 = Release|x64
		{EA49B60F-7CED-4CDC-8100-D1640993C750}.Release|x86.ActiveCfg = Release|Win32
		{EA49B60F-7CED-4CDC-8100-D1640993C750}.Release|x86.Build.0 = Release|Win32
		{352C75DF-4740-4644-AB6C-B2C5B4F9F59A}.Debug|Any CPU.ActiveCfg = Debug|Win32
		{352C75DF-4740-4644-AB6C-B2C5B4F9F59A}.Debug|x64.ActiveCfg = Debug|x64
		{352C75DF-4740-4644-AB6C-B2C5B4F9F59A}.Debug|x64.Build.0 = Debug|x64
		{352C75DF-4740-4644-AB6C-B2C5B4F9F59A}.Debug|x86.ActiveCfg = Debug|Win32
		{352C75DF-4740-4644-AB6C-B2C5B4F9F59A}.Debug|x86.Build.0 = Debug|Win32
		{352C75DF-4740-4644-AB6C-B2C5B4F9F59A}.Release|Any CPU.ActiveCfg = Release|Win32
		{352C75DF-4740-4644-AB6C-B2C5B4F9F59A}.Release|x64.ActiveCfg = Release|x64
		{352C75DF-4740-4644-AB6C-B2C5B4F9F59A}.Release|x64.Build.0 = Release|x64
		{352C75DF-4740-4644-AB6C-B2C5B4F9F59A}.Release|x86.ActiveCfg = Release|Win32
		{352C75DF-4740-4644-AB6C-B2C5B4F9F59A}.Release|x86.Build.0 = Release|Win32
		{58F3ACF8-C640-47C2-A9DC-25E05942CB4B}.Debug|Any CPU.ActiveCfg = Debug|Win32
		{58F3ACF8-C640-47C2-A9DC-25E05942CB4B}.Debug|x64.ActiveCfg = Debug|x64
		{58F3ACF8-C640-47C2-A9DC-25E05942CB4B}.Debug|x64.Build.0 = Debug|x64
		{58F3ACF8-C640-47C2-A9DC-25E05942CB4B}.Debug|x86.ActiveCfg = Debug|Win32
		{58F3ACF8-C640-47C2-A9DC-25E05942CB4B}.Debug|x86.Build.0 = Debug|Win32
		{58F3ACF8-C640-47C2-A9DC-25E05942CB4B}.Release|Any CPU.ActiveCfg = Release|Win32
		{58F3ACF8-C640-47C2-A9DC-25E05942CB4B}.Release|x64.ActiveCfg = Release|x64
		{58F3ACF8-C640-47C2-A9DC-25E05942CB4B}.Release|x64.Build.0 = Release|x64
		{58F3ACF8-C640-47C2-A9DC-25E05942CB4B}.Release|x86.ActiveCfg = Release|Win32
		{58F3ACF8-C640-47C2-A9DC-25E05942CB4B}.Release|x86.Build.0 = Release|Win32
		{0251C7DC-D8C9-4ECE-92F9-A8FF36DFB29D}.Debug|Any CPU.ActiveCfg = Debug|Any CPU
		{0251C7DC-D8C9-4ECE-92F9-A8FF36DFB29D}.Debug|Any CPU.Build.0 = Debug|Any CPU
		{0251C7DC-D8C9-4ECE-92F9-A8FF36DFB29D}.Debug|x64.ActiveCfg = Debug|Any CPU
		{0251C7DC-D8C9-4ECE-92F9-A8FF36DFB29D}.Debug|x64.Build.0 = Debug|Any CPU
		{0251C7DC-D8C9-4ECE-92F9-A8FF36DFB29D}.Debug|x86.ActiveCfg = Debug|Any CPU
		{0251C7DC-D8C9-4ECE-92F9-A8FF36DFB29D}.Debug|x86.Build.0 = Debug|Any CPU
		{0251C7DC-D8C9-4ECE-92F9-A8FF36DFB29D}.Release|Any CPU.ActiveCfg = Release|Any CPU
		{0251C7DC-D8C9-4ECE-92F9-A8FF36DFB29D}.Release|Any CPU.Build.0 = Release|Any CPU
		{0251C7DC-D8C9-4ECE-92F9-A8FF36DFB29D}.Release|x64.ActiveCfg = Release|Any CPU
		{0251C7DC-D8C9-4ECE-92F9-A8FF36DFB29D}.Release|x64.Build.0 = Release|Any CPU
		{0251C7DC-D8C9-4ECE-92F9-A8FF36DFB29D}.Release|x86.ActiveCfg = Release|Any CPU
		{0251C7DC-D8C9-4ECE-92F9-A8FF36DFB29D}.Release|x86.Build.0 = Release|Any CPU
	EndGlobalSection
	GlobalSection(SolutionProperties) = preSolution
		HideSolutionNode = FALSE
	EndGlobalSection
EndGlobal
